
Microsoft Visual Studio Solution File, Format Version 12.00
# Visual Studio Version 16
VisualStudioVersion = 16.0.30011.22
MinimumVisualStudioVersion = 10.0.40219.1
Project("{9A19103F-16F7-4668-BE54-9A1E7A4F7556}") = "billetsDeux", "billetsDeux\billetsDeux.csproj", "{B9D206E0-9D70-47BF-A910-63FB67837A37}"
EndProject
Project("{00D1A9C2-B5F0-4AF3-8072-F6C62B433612}") = "DataBaseTOL", "DataBaseTOL\DataBaseTOL.sqlproj", "{60D97979-F269-491B-BDEB-5C7D0C750F26}"
EndProject
Project("{FAE04EC0-301F-11D3-BF4B-00C04F79EFBC}") = "ApiTOL", "ApiTOL\ApiTOL.csproj", "{A26DCA1E-A0A3-45FD-B0BE-7BA6CD1C5E61}"
EndProject
Project("{FAE04EC0-301F-11D3-BF4B-00C04F79EFBC}") = "DAL", "DAL\DAL.csproj", "{A5612E4C-270F-494B-B70B-1359B6668B26}"
EndProject
Global
	GlobalSection(SolutionConfigurationPlatforms) = preSolution
		Debug|Any CPU = Debug|Any CPU
		Release|Any CPU = Release|Any CPU
	EndGlobalSection
	GlobalSection(ProjectConfigurationPlatforms) = postSolution
		{B9D206E0-9D70-47BF-A910-63FB67837A37}.Debug|Any CPU.ActiveCfg = Debug|Any CPU
		{B9D206E0-9D70-47BF-A910-63FB67837A37}.Debug|Any CPU.Build.0 = Debug|Any CPU
		{B9D206E0-9D70-47BF-A910-63FB67837A37}.Release|Any CPU.ActiveCfg = Release|Any CPU
		{B9D206E0-9D70-47BF-A910-63FB67837A37}.Release|Any CPU.Build.0 = Release|Any CPU
		{60D97979-F269-491B-BDEB-5C7D0C750F26}.Debug|Any CPU.ActiveCfg = Debug|Any CPU
		{60D97979-F269-491B-BDEB-5C7D0C750F26}.Debug|Any CPU.Build.0 = Debug|Any CPU
		{60D97979-F269-491B-BDEB-5C7D0C750F26}.Debug|Any CPU.Deploy.0 = Debug|Any CPU
		{60D97979-F269-491B-BDEB-5C7D0C750F26}.Release|Any CPU.ActiveCfg = Release|Any CPU
		{60D97979-F269-491B-BDEB-5C7D0C750F26}.Release|Any CPU.Build.0 = Release|Any CPU
		{60D97979-F269-491B-BDEB-5C7D0C750F26}.Release|Any CPU.Deploy.0 = Release|Any CPU
		{A26DCA1E-A0A3-45FD-B0BE-7BA6CD1C5E61}.Debug|Any CPU.ActiveCfg = Debug|Any CPU
		{A26DCA1E-A0A3-45FD-B0BE-7BA6CD1C5E61}.Debug|Any CPU.Build.0 = Debug|Any CPU
		{A26DCA1E-A0A3-45FD-B0BE-7BA6CD1C5E61}.Release|Any CPU.ActiveCfg = Release|Any CPU
		{A26DCA1E-A0A3-45FD-B0BE-7BA6CD1C5E61}.Release|Any CPU.Build.0 = Release|Any CPU
		{A5612E4C-270F-494B-B70B-1359B6668B26}.Debug|Any CPU.ActiveCfg = Debug|Any CPU
		{A5612E4C-270F-494B-B70B-1359B6668B26}.Debug|Any CPU.Build.0 = Debug|Any CPU
		{A5612E4C-270F-494B-B70B-1359B6668B26}.Release|Any CPU.ActiveCfg = Release|Any CPU
		{A5612E4C-270F-494B-B70B-1359B6668B26}.Release|Any CPU.Build.0 = Release|Any CPU
	EndGlobalSection
	GlobalSection(SolutionProperties) = preSolution
		HideSolutionNode = FALSE
	EndGlobalSection
	GlobalSection(ExtensibilityGlobals) = postSolution
		SolutionGuid = {64084D72-9833-40B3-B2DD-28391C870EB2}
	EndGlobalSection
EndGlobal
